
Microsoft Visual Studio Solution File, Format Version 12.00
# Visual Studio 14
VisualStudioVersion = 14.0.25420.1
MinimumVisualStudioVersion = 10.0.40219.1
Project("{FAE04EC0-301F-11D3-BF4B-00C04F79EFBC}") = "Ex03.GarageLogic", "A17 Ex03 Tomer 309156891 Ruslan 321466823\Ex03.GarageLogic.csproj", "{4132D32F-2DF6-4CBA-A3F7-4E48D10CA5A3}"
EndProject
Project("{FAE04EC0-301F-11D3-BF4B-00C04F79EFBC}") = "Ex03.ConsoleUI", "Ex03.ConsoleUI\Ex03.ConsoleUI.csproj", "{24F0DCFB-C107-4FCA-8EB9-185D523D1523}"
EndProject
Global
	GlobalSection(SolutionConfigurationPlatforms) = preSolution
		Debug|Any CPU = Debug|Any CPU
		Release|Any CPU = Release|Any CPU
	EndGlobalSection
	GlobalSection(ProjectConfigurationPlatforms) = postSolution
		{4132D32F-2DF6-4CBA-A3F7-4E48D10CA5A3}.Debug|Any CPU.ActiveCfg = Debug|Any CPU
		{4132D32F-2DF6-4CBA-A3F7-4E48D10CA5A3}.Debug|Any CPU.Build.0 = Debug|Any CPU
		{4132D32F-2DF6-4CBA-A3F7-4E48D10CA5A3}.Release|Any CPU.ActiveCfg = Release|Any CPU
		{4132D32F-2DF6-4CBA-A3F7-4E48D10CA5A3}.Release|Any CPU.Build.0 = Release|Any CPU
		{24F0DCFB-C107-4FCA-8EB9-185D523D1523}.Debug|Any CPU.ActiveCfg = Debug|Any CPU
		{24F0DCFB-C107-4FCA-8EB9-185D523D1523}.Debug|Any CPU.Build.0 = Debug|Any CPU
		{24F0DCFB-C107-4FCA-8EB9-185D523D1523}.Release|Any CPU.ActiveCfg = Release|Any CPU
		{24F0DCFB-C107-4FCA-8EB9-185D523D1523}.Release|Any CPU.Build.0 = Release|Any CPU
	EndGlobalSection
	GlobalSection(SolutionProperties) = preSolution
		HideSolutionNode = FALSE
	EndGlobalSection
EndGlobal
